{
  "name": "dramas",
  "version": "1.0.0",
  "lockfileVersion": 1,
  "requires": true,
  "dependencies": {
    "@types/node": {
      "version": "10.3.2",
      "resolved": "https://registry.npmjs.org/@types/node/-/node-10.3.2.tgz",
      "integrity": "sha512-9NfEUDp3tgRhmoxzTpTo+lq+KIVFxZahuRX0LHF/9IzKHaWuoWsIrrJ61zw5cnnlGINX8lqJzXYfQTOICS5Q+A==",
      "dev": true
    },
    "@types/react": {
      "version": "16.3.17",
      "resolved": "https://registry.npmjs.org/@types/react/-/react-16.3.17.tgz",
      "integrity": "sha512-f2ZTOSF7l9sRdXSbzLI84Z2wsVnj3qUjfJhtDLSi7lTWFMo1WSou7eQ2vkQga8100zhzzDjSyGbj+Viz7i927g==",
      "dev": true,
      "requires": {
        "csstype": "2.5.3"
      }
    },
    "@types/react-dom": {
      "version": "16.0.6",
      "resolved": "https://registry.npmjs.org/@types/react-dom/-/react-dom-16.0.6.tgz",
      "integrity": "sha512-M+1zmwa5KxUpkCuxA4whlDJKYTGNvNQW4pIoCLH16xGbClicD9CzPry4y94kTjCCk/bJZCZ/GVqUsP7eKcO/mQ==",
      "dev": true,
      "requires": {
        "@types/node": "10.3.2",
        "@types/react": "16.3.17"
      }
    },
    "csstype": {
      "version": "2.5.3",
      "resolved": "https://registry.npmjs.org/csstype/-/csstype-2.5.3.tgz",
      "integrity": "sha512-G5HnoK8nOiAq3DXIEoY2n/8Vb7Lgrms+jGJl8E4EJpQEeVONEnPFJSl8IK505wPBoxxtrtHhrRm4WX2GgdqarA==",
      "dev": true
    }
  }
}
